
Microsoft Visual Studio Solution File, Format Version 12.00
# Visual Studio Version 17
VisualStudioVersion = 17.7.34003.232
MinimumVisualStudioVersion = 10.0.40219.1
Project("{9A19103F-16F7-4668-BE54-9A1E7A4F7556}") = "PosTech.Noticia.API", "PosTech.Noticia.API\PosTech.Noticia.API.csproj", "{35F524B4-0BB9-4E47-84DA-71132148C676}"
EndProject
Project("{FAE04EC0-301F-11D3-BF4B-00C04F79EFBC}") = "PosTech.Noticia.Test", "PosTech.Noticia.Test\PosTech.Noticia.Test.csproj", "{732E1539-1A8E-47DE-98D9-5E6B0D9F336F}"
EndProject
Global
	GlobalSection(SolutionConfigurationPlatforms) = preSolution
		Debug|Any CPU = Debug|Any CPU
		Release|Any CPU = Release|Any CPU
	EndGlobalSection
	GlobalSection(ProjectConfigurationPlatforms) = postSolution
		{35F524B4-0BB9-4E47-84DA-71132148C676}.Debug|Any CPU.ActiveCfg = Debug|Any CPU
		{35F524B4-0BB9-4E47-84DA-71132148C676}.Debug|Any CPU.Build.0 = Debug|Any CPU
		{35F524B4-0BB9-4E47-84DA-71132148C676}.Release|Any CPU.ActiveCfg = Release|Any CPU
		{35F524B4-0BB9-4E47-84DA-71132148C676}.Release|Any CPU.Build.0 = Release|Any CPU
		{732E1539-1A8E-47DE-98D9-5E6B0D9F336F}.Debug|Any CPU.ActiveCfg = Debug|Any CPU
		{732E1539-1A8E-47DE-98D9-5E6B0D9F336F}.Debug|Any CPU.Build.0 = Debug|Any CPU
		{732E1539-1A8E-47DE-98D9-5E6B0D9F336F}.Release|Any CPU.ActiveCfg = Release|Any CPU
		{732E1539-1A8E-47DE-98D9-5E6B0D9F336F}.Release|Any CPU.Build.0 = Release|Any CPU
	EndGlobalSection
	GlobalSection(SolutionProperties) = preSolution
		HideSolutionNode = FALSE
	EndGlobalSection
	GlobalSection(ExtensibilityGlobals) = postSolution
		SolutionGuid = {F9063EC4-996D-4847-B87A-0CDAF131CCDD}
	EndGlobalSection
EndGlobal
